
Microsoft Visual Studio Solution File, Format Version 12.00
# Visual Studio Version 17
VisualStudioVersion = 17.9.34902.65
MinimumVisualStudioVersion = 10.0.40219.1
Project("{9A19103F-16F7-4668-BE54-9A1E7A4F7556}") = "Entities", "Entities\Entities.csproj", "{6AE6A6CC-00C9-4DD9-8882-1FAADF5260B7}"
EndProject
Project("{2150E333-8FDC-42A3-9474-1A3956D46DE8}") = "1 - Apresentação", "1 - Apresentação", "{2FB63FB5-866A-40BD-9BF1-B88759E3BCB9}"
EndProject
Project("{2150E333-8FDC-42A3-9474-1A3956D46DE8}") = "2 - Dominio", "2 - Dominio", "{C00AA1C9-41B3-4FD2-BDA5-76C870F4A4C3}"
EndProject
Project("{2150E333-8FDC-42A3-9474-1A3956D46DE8}") = "3 - InfraEstrutura", "3 - InfraEstrutura", "{A2ED8069-E032-4B1A-80D3-8D1A3009C4D1}"
EndProject
Project("{2150E333-8FDC-42A3-9474-1A3956D46DE8}") = "4 - Entidades", "4 - Entidades", "{75D763D0-BD68-4214-A027-EAC90D9DEF18}"
EndProject
Project("{2150E333-8FDC-42A3-9474-1A3956D46DE8}") = "5 - Helpers", "5 - Helpers", "{2B62D177-59B9-470A-87EA-7C97884384F7}"
EndProject
Project("{9A19103F-16F7-4668-BE54-9A1E7A4F7556}") = "Helpers", "Helpers\Helpers.csproj", "{B6953478-F326-45BD-8B14-4EC22BA24FC6}"
EndProject
Project("{9A19103F-16F7-4668-BE54-9A1E7A4F7556}") = "Infra", "Infra\Infra.csproj", "{CC84F6CC-4D84-423F-90B0-1DF93C16988B}"
EndProject
Project("{9A19103F-16F7-4668-BE54-9A1E7A4F7556}") = "Domain", "Domain\Domain.csproj", "{89DF223B-0C82-41FC-B37F-0F0701DD1260}"
EndProject
Project("{9A19103F-16F7-4668-BE54-9A1E7A4F7556}") = "WebApi", "WebApi\WebApi.csproj", "{5C22916B-B398-4152-8270-1C2E5711E0C6}"
EndProject
Project("{2150E333-8FDC-42A3-9474-1A3956D46DE8}") = "Itens de Solução", "Itens de Solução", "{6CF8DE4C-D73D-4EBE-972E-BB4194903902}"
	ProjectSection(SolutionItems) = preProject
		.gitignore = .gitignore
	EndProjectSection
EndProject
Global
	GlobalSection(SolutionConfigurationPlatforms) = preSolution
		Debug|Any CPU = Debug|Any CPU
		Release|Any CPU = Release|Any CPU
	EndGlobalSection
	GlobalSection(ProjectConfigurationPlatforms) = postSolution
		{6AE6A6CC-00C9-4DD9-8882-1FAADF5260B7}.Debug|Any CPU.ActiveCfg = Debug|Any CPU
		{6AE6A6CC-00C9-4DD9-8882-1FAADF5260B7}.Debug|Any CPU.Build.0 = Debug|Any CPU
		{6AE6A6CC-00C9-4DD9-8882-1FAADF5260B7}.Release|Any CPU.ActiveCfg = Release|Any CPU
		{6AE6A6CC-00C9-4DD9-8882-1FAADF5260B7}.Release|Any CPU.Build.0 = Release|Any CPU
		{B6953478-F326-45BD-8B14-4EC22BA24FC6}.Debug|Any CPU.ActiveCfg = Debug|Any CPU
		{B6953478-F326-45BD-8B14-4EC22BA24FC6}.Debug|Any CPU.Build.0 = Debug|Any CPU
		{B6953478-F326-45BD-8B14-4EC22BA24FC6}.Release|Any CPU.ActiveCfg = Release|Any CPU
		{B6953478-F326-45BD-8B14-4EC22BA24FC6}.Release|Any CPU.Build.0 = Release|Any CPU
		{CC84F6CC-4D84-423F-90B0-1DF93C16988B}.Debug|Any CPU.ActiveCfg = Debug|Any CPU
		{CC84F6CC-4D84-423F-90B0-1DF93C16988B}.Debug|Any CPU.Build.0 = Debug|Any CPU
		{CC84F6CC-4D84-423F-90B0-1DF93C16988B}.Release|Any CPU.ActiveCfg = Release|Any CPU
		{CC84F6CC-4D84-423F-90B0-1DF93C16988B}.Release|Any CPU.Build.0 = Release|Any CPU
		{89DF223B-0C82-41FC-B37F-0F0701DD1260}.Debug|Any CPU.ActiveCfg = Debug|Any CPU
		{89DF223B-0C82-41FC-B37F-0F0701DD1260}.Debug|Any CPU.Build.0 = Debug|Any CPU
		{89DF223B-0C82-41FC-B37F-0F0701DD1260}.Release|Any CPU.ActiveCfg = Release|Any CPU
		{89DF223B-0C82-41FC-B37F-0F0701DD1260}.Release|Any CPU.Build.0 = Release|Any CPU
		{5C22916B-B398-4152-8270-1C2E5711E0C6}.Debug|Any CPU.ActiveCfg = Debug|Any CPU
		{5C22916B-B398-4152-8270-1C2E5711E0C6}.Debug|Any CPU.Build.0 = Debug|Any CPU
		{5C22916B-B398-4152-8270-1C2E5711E0C6}.Release|Any CPU.ActiveCfg = Release|Any CPU
		{5C22916B-B398-4152-8270-1C2E5711E0C6}.Release|Any CPU.Build.0 = Release|Any CPU
	EndGlobalSection
	GlobalSection(SolutionProperties) = preSolution
		HideSolutionNode = FALSE
	EndGlobalSection
	GlobalSection(NestedProjects) = preSolution
		{6AE6A6CC-00C9-4DD9-8882-1FAADF5260B7} = {75D763D0-BD68-4214-A027-EAC90D9DEF18}
		{B6953478-F326-45BD-8B14-4EC22BA24FC6} = {2B62D177-59B9-470A-87EA-7C97884384F7}
		{CC84F6CC-4D84-423F-90B0-1DF93C16988B} = {A2ED8069-E032-4B1A-80D3-8D1A3009C4D1}
		{89DF223B-0C82-41FC-B37F-0F0701DD1260} = {C00AA1C9-41B3-4FD2-BDA5-76C870F4A4C3}
		{5C22916B-B398-4152-8270-1C2E5711E0C6} = {2FB63FB5-866A-40BD-9BF1-B88759E3BCB9}
	EndGlobalSection
	GlobalSection(ExtensibilityGlobals) = postSolution
		SolutionGuid = {54E6631E-469C-4AAE-9AB0-3300856ADEF9}
	EndGlobalSection
EndGlobal
